{
  "version": 4,
  "terraform_version": "0.13.5",
  "serial": 18,
  "lineage": "9e88440d-613a-d377-816f-8227256130de",
  "outputs": {},
  "resources": [
    {
      "mode": "data",
      "type": "digitalocean_ssh_key",
      "name": "bmykkolaichenko",
      "provider": "provider[\"registry.terraform.io/digitalocean/digitalocean\"]",
      "instances": [
        {
          "schema_version": 0,
          "attributes": {
            "fingerprint": "01:4a:55:f4:be:c4:0e:5c:07:a9:30:c3:c6:21:9a:7b",
            "id": "28718461",
            "name": "bmykkolaichenko",
            "public_key": "ssh-rsa AAAAB3NzaC1yc2EAAAADAQABAAABgQDE4m7B8dT+95ezFe2T/27QRKPaq1LLtwMO2gVGvWo+ZEaKa6hnh+0PV5534AiuzUK95o5GoQJvhgNuCBP2rLLlm20E+MeR/ELlSkbxbeLqudXZjYdybV6Ntda8/kXOoY7XCUAvRb9sfc6sd5Qd3mz8nq7fw5DS2PCdxpczB87k2J0bwZANY9eN3LymX+fLlCY/CYRTsCWcBdADIt875bbd7ashw8/CXxuvqvZz46IUJqAGrV3ZRvvZoHCPTvK/sIoBiu/7FSUHQbDrisJLztBnKori0kxJ08cu9sgQOW4tL5vGnUoYhEQrLHQcBbAidWnN1DIStjXMSrcwXdim6Mjw5iKIQG9HQKXnnxSozPi/Ik/3uki5lnuCl7TgFGyAUkifhP+oeKO0oEVwF3XDR3hKayAmOvhuqShcmHVEsjdQqdeUgPBZcqSV2igIHswGLkzK6wHMfPYISFSa+jLnCJxO9kEx7KKj/FRcl7QmibH2hpmAn0hcYdKU8Z7usW197+0= bmykolaichenko@bmykolaichenko-System-Product-Name"
          }
        }
      ]
    },
    {
      "mode": "data",
      "type": "digitalocean_ssh_key",
      "name": "omykolaichenko",
      "provider": "provider[\"registry.terraform.io/digitalocean/digitalocean\"]",
      "instances": [
        {
          "schema_version": 0,
          "attributes": {
            "fingerprint": "2e:c6:b1:0c:97:b7:33:26:20:63:6c:05:26:16:bc:46",
            "id": "28684255",
            "name": "omykolaichenko",
            "public_key": "ssh-rsa AAAAB3NzaC1yc2EAAAADAQABAAACAQDdpMfQ900TNv9gle2fAhjGExk+ApDRxm9jeJl53VQkmdx9lhNW9pdNZbGN4i4JcpW7XtLaBfYLklXOxIOnqgy/VRjAVjc4h23WhYgmVhUe1yl7rzc9txa1VpOSV14z6mTj6CMCvom4pS+8w+TuYgWLtpgsqEXCrm42XwiC7IhQh4CkKojzknMNUQqdVZDPYUkHhri1YidwOo/GWLauyRNidt+J0baLYxu2JmE8OOBvDbGsZ9yBRkrodc7cqTbKxUY1vIpIS8G4SFCzAfdMjMy6zvOgygzLB2NHBTQ5wWQ/UDm+GelMNTmNuh4mK2HpYBHS0IPdfeZR5QJUOvZW2ohPPFDl5xv8draZ1UIQf6m1p/P3Fr6dvQbFImxKtnDw1SihCn7n08abEMrEzktIcb1CMdW24RwIEeuMi3F4kKrPZd8TlzkSjJxmtWGLbzW5VlKLZvSl04oj0gQo30s61HTljt+YuBnOIxIGA3YB0d2FAF3AGdcIqJ/sdSljepG8l2fhSOF803EuEgGNTtKAdhhfduaOBm9HG4Da8yj731v5faCjiT8edP/GlJeuL7K4DHErvOmi3iI+VjjtdcmLMi9WBINpsvQbBbV0iEVeRV9f/2N52AsIm3CR62SDJtpNqORdF7awlaTsMKe/scMsr3RnL+wErh9aLfLFL2xtZ+GjVQ== mukolaichenko@gmail.com"
          }
        }
      ]
    },
    {
      "mode": "managed",
      "type": "digitalocean_droplet",
      "name": "web",
      "provider": "provider[\"registry.terraform.io/digitalocean/digitalocean\"]",
      "instances": [
        {
          "index_key": 0,
          "schema_version": 1,
          "attributes": {
            "backups": false,
            "created_at": "2020-10-28T15:15:02Z",
            "disk": 25,
            "id": "214228665",
            "image": "ubuntu-20-04-x64",
            "ipv4_address": "68.183.146.103",
            "ipv4_address_private": "10.108.0.2",
            "ipv6": false,
            "ipv6_address": "",
            "locked": false,
            "memory": 1024,
            "monitoring": false,
            "name": "web-server-0",
            "price_hourly": 0.00744,
            "price_monthly": 5,
            "private_networking": true,
            "region": "nyc3",
            "resize_disk": true,
            "size": "s-1vcpu-1gb",
            "ssh_keys": [
              "28684255",
              "28718461"
            ],
            "status": "active",
            "tags": [],
            "urn": "do:droplet:214228665",
            "user_data": null,
            "vcpus": 1,
            "volume_ids": [],
            "vpc_uuid": "9906506d-8da3-43a9-9ae6-c1b6f5e14845"
          },
          "private": "eyJzY2hlbWFfdmVyc2lvbiI6IjEifQ==",
          "dependencies": [
            "data.digitalocean_ssh_key.bmykkolaichenko",
            "data.digitalocean_ssh_key.omykolaichenko"
          ]
        },
        {
          "index_key": 1,
          "schema_version": 1,
          "attributes": {
            "backups": false,
            "created_at": "2020-10-28T15:15:03Z",
            "disk": 25,
            "id": "214228667",
            "image": "ubuntu-20-04-x64",
            "ipv4_address": "104.131.66.235",
            "ipv4_address_private": "10.108.0.3",
            "ipv6": false,
            "ipv6_address": "",
            "locked": false,
            "memory": 1024,
            "monitoring": false,
            "name": "web-server-1",
            "price_hourly": 0.00744,
            "price_monthly": 5,
            "private_networking": true,
            "region": "nyc3",
            "resize_disk": true,
            "size": "s-1vcpu-1gb",
            "ssh_keys": [
              "28684255",
              "28718461"
            ],
            "status": "active",
            "tags": [],
            "urn": "do:droplet:214228667",
            "user_data": null,
            "vcpus": 1,
            "volume_ids": [],
            "vpc_uuid": "9906506d-8da3-43a9-9ae6-c1b6f5e14845"
          },
          "private": "eyJzY2hlbWFfdmVyc2lvbiI6IjEifQ==",
          "dependencies": [
            "data.digitalocean_ssh_key.bmykkolaichenko",
            "data.digitalocean_ssh_key.omykolaichenko"
          ]
        },
        {
          "index_key": 2,
          "schema_version": 1,
          "attributes": {
            "backups": false,
            "created_at": "2020-10-28T15:15:03Z",
            "disk": 25,
            "id": "214228670",
            "image": "ubuntu-20-04-x64",
            "ipv4_address": "104.131.181.62",
            "ipv4_address_private": "10.108.0.4",
            "ipv6": false,
            "ipv6_address": "",
            "locked": false,
            "memory": 1024,
            "monitoring": false,
            "name": "web-server-2",
            "price_hourly": 0.00744,
            "price_monthly": 5,
            "private_networking": true,
            "region": "nyc3",
            "resize_disk": true,
            "size": "s-1vcpu-1gb",
            "ssh_keys": [
              "28684255",
              "28718461"
            ],
            "status": "active",
            "tags": [],
            "urn": "do:droplet:214228670",
            "user_data": null,
            "vcpus": 1,
            "volume_ids": [],
            "vpc_uuid": "9906506d-8da3-43a9-9ae6-c1b6f5e14845"
          },
          "private": "eyJzY2hlbWFfdmVyc2lvbiI6IjEifQ==",
          "dependencies": [
            "data.digitalocean_ssh_key.bmykkolaichenko",
            "data.digitalocean_ssh_key.omykolaichenko"
          ]
        }
      ]
    },
    {
      "mode": "managed",
      "type": "digitalocean_droplet",
      "name": "wed-db",
      "provider": "provider[\"registry.terraform.io/digitalocean/digitalocean\"]",
      "instances": [
        {
          "schema_version": 1,
          "attributes": {
            "backups": false,
            "created_at": "2020-10-28T16:57:10Z",
            "disk": 25,
            "id": "214242817",
            "image": "ubuntu-20-04-x64",
            "ipv4_address": "167.71.160.186",
            "ipv4_address_private": "10.108.0.5",
            "ipv6": false,
            "ipv6_address": "",
            "locked": false,
            "memory": 1024,
            "monitoring": false,
            "name": "db-server-1",
            "price_hourly": 0.00744,
            "price_monthly": 5,
            "private_networking": true,
            "region": "nyc3",
            "resize_disk": true,
            "size": "s-1vcpu-1gb",
            "ssh_keys": [
              "28684255",
              "28718461"
            ],
            "status": "active",
            "tags": null,
            "urn": "do:droplet:214242817",
            "user_data": null,
            "vcpus": 1,
            "volume_ids": [],
            "vpc_uuid": "9906506d-8da3-43a9-9ae6-c1b6f5e14845"
          },
          "private": "eyJzY2hlbWFfdmVyc2lvbiI6IjEifQ==",
          "dependencies": [
            "data.digitalocean_ssh_key.bmykkolaichenko",
            "data.digitalocean_ssh_key.omykolaichenko"
          ]
        }
      ]
    },
    {
      "mode": "managed",
      "type": "digitalocean_droplet",
      "name": "wed-lb",
      "provider": "provider[\"registry.terraform.io/digitalocean/digitalocean\"]",
      "instances": [
        {
          "schema_version": 1,
          "attributes": {
            "backups": false,
            "created_at": "2020-10-28T16:57:11Z",
            "disk": 25,
            "id": "214242818",
            "image": "ubuntu-20-04-x64",
            "ipv4_address": "167.71.165.55",
            "ipv4_address_private": "10.108.0.6",
            "ipv6": false,
            "ipv6_address": "",
            "locked": false,
            "memory": 1024,
            "monitoring": false,
            "name": "lb-server-1",
            "price_hourly": 0.00744,
            "price_monthly": 5,
            "private_networking": true,
            "region": "nyc3",
            "resize_disk": true,
            "size": "s-1vcpu-1gb",
            "ssh_keys": [
              "28684255",
              "28718461"
            ],
            "status": "active",
            "tags": null,
            "urn": "do:droplet:214242818",
            "user_data": null,
            "vcpus": 1,
            "volume_ids": [],
            "vpc_uuid": "9906506d-8da3-43a9-9ae6-c1b6f5e14845"
          },
          "private": "eyJzY2hlbWFfdmVyc2lvbiI6IjEifQ==",
          "dependencies": [
            "data.digitalocean_ssh_key.bmykkolaichenko",
            "data.digitalocean_ssh_key.omykolaichenko"
          ]
        }
      ]
    }
  ]
}
